
Microsoft Visual Studio Solution File, Format Version 12.00
# Visual Studio Version 17
VisualStudioVersion = 17.8.34309.116
MinimumVisualStudioVersion = 10.0.40219.1
Project("{9A19103F-16F7-4668-BE54-9A1E7A4F7556}") = "CDP4Authentication", "CDP4Authentication\CDP4Authentication.csproj", "{EDFF68B2-6F44-47F6-9F72-6BC3AFC6A53D}"
EndProject
Project("{9A19103F-16F7-4668-BE54-9A1E7A4F7556}") = "CDP4DatabaseAuthentication", "CDP4DatabaseAuthentication\CDP4DatabaseAuthentication.csproj", "{59581438-2CD6-4498-B000-53125BEF5958}"
EndProject
Project("{9A19103F-16F7-4668-BE54-9A1E7A4F7556}") = "CDP4WspDatabaseAuthentication", "CDP4WspDatabaseAuthentication\CDP4WspDatabaseAuthentication.csproj", "{E6245C47-96BA-40D3-9D5E-9114E175169F}"
EndProject
Project("{9A19103F-16F7-4668-BE54-9A1E7A4F7556}") = "CDP4WspDatabaseAuthentication.Tests", "CDP4WspDatabaseAuthentication.Tests\CDP4WspDatabaseAuthentication.Tests.csproj", "{D95B61F1-4F95-4F7F-8C95-7B809A83FDEF}"
EndProject
Project("{9A19103F-16F7-4668-BE54-9A1E7A4F7556}") = "CDP4Orm", "CDP4Orm\CDP4Orm.csproj", "{D2466CAE-984C-4450-A2C2-3A5FC2CC0275}"
EndProject
Project("{9A19103F-16F7-4668-BE54-9A1E7A4F7556}") = "CDP4Orm.Tests", "CDP4Orm.Tests\CDP4Orm.Tests.csproj", "{8BB0FE1D-93E7-4206-95EC-845BF6943C16}"
EndProject
Project("{9A19103F-16F7-4668-BE54-9A1E7A4F7556}") = "CometServer", "CometServer\CometServer.csproj", "{8FC18E8E-D178-4784-A653-973897B57328}"
EndProject
Project("{9A19103F-16F7-4668-BE54-9A1E7A4F7556}") = "CometServer.Tests", "CometServer.Tests\CometServer.Tests.csproj", "{1E20A4F3-D126-4148-877C-64C33121D2B4}"
EndProject
Project("{2150E333-8FDC-42A3-9474-1A3956D46DE8}") = "Solution Items", "Solution Items", "{36A5DB27-45CB-4EF6-80F9-4F1C18F266AF}"
	ProjectSection(SolutionItems) = preProject
		.dockerignore = .dockerignore
		docker-compose-dev-test.yml = docker-compose-dev-test.yml
		docker-compose-dev.yml = docker-compose-dev.yml
		docker-compose-nginx.yml = docker-compose-nginx.yml
		docker-compose.yml = docker-compose.yml
		Dockerfile = Dockerfile
		Nuget.Config = Nuget.Config
		README.md = README.md
	EndProjectSection
EndProject
Project("{9A19103F-16F7-4668-BE54-9A1E7A4F7556}") = "CDP4Authentication.Tests", "CDP4Authentication.Tests\CDP4Authentication.Tests.csproj", "{551D1D98-92D6-4391-ADB8-448BC9219330}"
EndProject
Project("{9A19103F-16F7-4668-BE54-9A1E7A4F7556}") = "VersionFileCreator", "VersionFileCreator\VersionFileCreator.csproj", "{E941F9C0-139A-4DB7-9C98-32A320378DDB}"
EndProject
Global
	GlobalSection(SolutionConfigurationPlatforms) = preSolution
		Debug|Any CPU = Debug|Any CPU
		Release|Any CPU = Release|Any CPU
	EndGlobalSection
	GlobalSection(ProjectConfigurationPlatforms) = postSolution
		{EDFF68B2-6F44-47F6-9F72-6BC3AFC6A53D}.Debug|Any CPU.ActiveCfg = Debug|Any CPU
		{EDFF68B2-6F44-47F6-9F72-6BC3AFC6A53D}.Debug|Any CPU.Build.0 = Debug|Any CPU
		{EDFF68B2-6F44-47F6-9F72-6BC3AFC6A53D}.Release|Any CPU.ActiveCfg = Release|Any CPU
		{EDFF68B2-6F44-47F6-9F72-6BC3AFC6A53D}.Release|Any CPU.Build.0 = Release|Any CPU
		{59581438-2CD6-4498-B000-53125BEF5958}.Debug|Any CPU.ActiveCfg = Debug|Any CPU
		{59581438-2CD6-4498-B000-53125BEF5958}.Debug|Any CPU.Build.0 = Debug|Any CPU
		{59581438-2CD6-4498-B000-53125BEF5958}.Release|Any CPU.ActiveCfg = Release|Any CPU
		{59581438-2CD6-4498-B000-53125BEF5958}.Release|Any CPU.Build.0 = Release|Any CPU
		{E6245C47-96BA-40D3-9D5E-9114E175169F}.Debug|Any CPU.ActiveCfg = Debug|Any CPU
		{E6245C47-96BA-40D3-9D5E-9114E175169F}.Debug|Any CPU.Build.0 = Debug|Any CPU
		{E6245C47-96BA-40D3-9D5E-9114E175169F}.Release|Any CPU.ActiveCfg = Release|Any CPU
		{E6245C47-96BA-40D3-9D5E-9114E175169F}.Release|Any CPU.Build.0 = Release|Any CPU
		{D95B61F1-4F95-4F7F-8C95-7B809A83FDEF}.Debug|Any CPU.ActiveCfg = Debug|Any CPU
		{D95B61F1-4F95-4F7F-8C95-7B809A83FDEF}.Debug|Any CPU.Build.0 = Debug|Any CPU
		{D95B61F1-4F95-4F7F-8C95-7B809A83FDEF}.Release|Any CPU.ActiveCfg = Release|Any CPU
		{D95B61F1-4F95-4F7F-8C95-7B809A83FDEF}.Release|Any CPU.Build.0 = Release|Any CPU
		{D2466CAE-984C-4450-A2C2-3A5FC2CC0275}.Debug|Any CPU.ActiveCfg = Debug|Any CPU
		{D2466CAE-984C-4450-A2C2-3A5FC2CC0275}.Debug|Any CPU.Build.0 = Debug|Any CPU
		{D2466CAE-984C-4450-A2C2-3A5FC2CC0275}.Release|Any CPU.ActiveCfg = Release|Any CPU
		{D2466CAE-984C-4450-A2C2-3A5FC2CC0275}.Release|Any CPU.Build.0 = Release|Any CPU
		{8BB0FE1D-93E7-4206-95EC-845BF6943C16}.Debug|Any CPU.ActiveCfg = Debug|Any CPU
		{8BB0FE1D-93E7-4206-95EC-845BF6943C16}.Debug|Any CPU.Build.0 = Debug|Any CPU
		{8BB0FE1D-93E7-4206-95EC-845BF6943C16}.Release|Any CPU.ActiveCfg = Release|Any CPU
		{8BB0FE1D-93E7-4206-95EC-845BF6943C16}.Release|Any CPU.Build.0 = Release|Any CPU
		{8FC18E8E-D178-4784-A653-973897B57328}.Debug|Any CPU.ActiveCfg = Debug|Any CPU
		{8FC18E8E-D178-4784-A653-973897B57328}.Debug|Any CPU.Build.0 = Debug|Any CPU
		{8FC18E8E-D178-4784-A653-973897B57328}.Release|Any CPU.ActiveCfg = Release|Any CPU
		{8FC18E8E-D178-4784-A653-973897B57328}.Release|Any CPU.Build.0 = Release|Any CPU
		{1E20A4F3-D126-4148-877C-64C33121D2B4}.Debug|Any CPU.ActiveCfg = Debug|Any CPU
		{1E20A4F3-D126-4148-877C-64C33121D2B4}.Debug|Any CPU.Build.0 = Debug|Any CPU
		{1E20A4F3-D126-4148-877C-64C33121D2B4}.Release|Any CPU.ActiveCfg = Release|Any CPU
		{1E20A4F3-D126-4148-877C-64C33121D2B4}.Release|Any CPU.Build.0 = Release|Any CPU
		{551D1D98-92D6-4391-ADB8-448BC9219330}.Debug|Any CPU.ActiveCfg = Debug|Any CPU
		{551D1D98-92D6-4391-ADB8-448BC9219330}.Debug|Any CPU.Build.0 = Debug|Any CPU
		{551D1D98-92D6-4391-ADB8-448BC9219330}.Release|Any CPU.ActiveCfg = Release|Any CPU
		{551D1D98-92D6-4391-ADB8-448BC9219330}.Release|Any CPU.Build.0 = Release|Any CPU
		{E941F9C0-139A-4DB7-9C98-32A320378DDB}.Debug|Any CPU.ActiveCfg = Debug|Any CPU
		{E941F9C0-139A-4DB7-9C98-32A320378DDB}.Debug|Any CPU.Build.0 = Debug|Any CPU
		{E941F9C0-139A-4DB7-9C98-32A320378DDB}.Release|Any CPU.ActiveCfg = Release|Any CPU
		{E941F9C0-139A-4DB7-9C98-32A320378DDB}.Release|Any CPU.Build.0 = Release|Any CPU
	EndGlobalSection
	GlobalSection(SolutionProperties) = preSolution
		HideSolutionNode = FALSE
	EndGlobalSection
	GlobalSection(ExtensibilityGlobals) = postSolution
		SolutionGuid = {85265766-054D-4191-A7C6-16F85B3AD4CA}
	EndGlobalSection
EndGlobal
